
Microsoft Visual Studio Solution File, Format Version 12.00
# Visual Studio Version 17
VisualStudioVersion = 17.14.36623.8 d17.14
MinimumVisualStudioVersion = 10.0.40219.1
Project("{FAE04EC0-301F-11D3-BF4B-00C04F79EFBC}") = "GeminiConsoleApp", "GeminiConsoleApp.csproj", "{7B401C5F-5B2E-4BCD-B9EA-9799607E1820}"
EndProject
Global
	GlobalSection(SolutionConfigurationPlatforms) = preSolution
		Debug|Any CPU = Debug|Any CPU
		Release|Any CPU = Release|Any CPU
	EndGlobalSection
	GlobalSection(ProjectConfigurationPlatforms) = postSolution
		{7B401C5F-5B2E-4BCD-B9EA-9799607E1820}.Debug|Any CPU.ActiveCfg = Debug|Any CPU
		{7B401C5F-5B2E-4BCD-B9EA-9799607E1820}.Debug|Any CPU.Build.0 = Debug|Any CPU
		{7B401C5F-5B2E-4BCD-B9EA-9799607E1820}.Release|Any CPU.ActiveCfg = Release|Any CPU
		{7B401C5F-5B2E-4BCD-B9EA-9799607E1820}.Release|Any CPU.Build.0 = Release|Any CPU
	EndGlobalSection
	GlobalSection(SolutionProperties) = preSolution
		HideSolutionNode = FALSE
	EndGlobalSection
	GlobalSection(ExtensibilityGlobals) = postSolution
		SolutionGuid = {AAA5FE85-B422-4C28-B6B1-F720426AC480}
	EndGlobalSection
EndGlobal
